
Microsoft Visual Studio Solution File, Format Version 12.00
# Visual Studio 15
VisualStudioVersion = 15.0.28307.271
MinimumVisualStudioVersion = 10.0.40219.1
Project("{FAE04EC0-301F-11D3-BF4B-00C04F79EFBC}") = "Task4_FileParser", "Task4_FileParser\Task4_FileParser.csproj", "{BC7D5CC8-9557-4A15-8A94-158A03B63E9D}"
EndProject
Project("{FAE04EC0-301F-11D3-BF4B-00C04F79EFBC}") = "FileParser.Test", "FileParser.Test\FileParser.Test.csproj", "{CF0F1DAB-F80F-441B-A2E1-8981CD527BD0}"
EndProject
Global
	GlobalSection(SolutionConfigurationPlatforms) = preSolution
		Debug|Any CPU = Debug|Any CPU
		Release|Any CPU = Release|Any CPU
	EndGlobalSection
	GlobalSection(ProjectConfigurationPlatforms) = postSolution
		{BC7D5CC8-9557-4A15-8A94-158A03B63E9D}.Debug|Any CPU.ActiveCfg = Debug|Any CPU
		{BC7D5CC8-9557-4A15-8A94-158A03B63E9D}.Debug|Any CPU.Build.0 = Debug|Any CPU
		{BC7D5CC8-9557-4A15-8A94-158A03B63E9D}.Release|Any CPU.ActiveCfg = Release|Any CPU
		{BC7D5CC8-9557-4A15-8A94-158A03B63E9D}.Release|Any CPU.Build.0 = Release|Any CPU
		{CF0F1DAB-F80F-441B-A2E1-8981CD527BD0}.Debug|Any CPU.ActiveCfg = Debug|Any CPU
		{CF0F1DAB-F80F-441B-A2E1-8981CD527BD0}.Debug|Any CPU.Build.0 = Debug|Any CPU
		{CF0F1DAB-F80F-441B-A2E1-8981CD527BD0}.Release|Any CPU.ActiveCfg = Release|Any CPU
		{CF0F1DAB-F80F-441B-A2E1-8981CD527BD0}.Release|Any CPU.Build.0 = Release|Any CPU
	EndGlobalSection
	GlobalSection(SolutionProperties) = preSolution
		HideSolutionNode = FALSE
	EndGlobalSection
	GlobalSection(ExtensibilityGlobals) = postSolution
		SolutionGuid = {AD74107D-D9E6-4652-A29F-3CC5B842BA3A}
	EndGlobalSection
EndGlobal
